// !$*UTF8*$!
{
	archiveVersion = 1;
	classes = {
	};
	objectVersion = 48;
	objects = {

/* Begin PBXBuildFile section */
		7E09E0821FEFDB74006FC573 /* AppDelegate.swift in Sources */ = {isa = PBXBuildFile; fileRef = 7E09E0811FEFDB74006FC573 /* AppDelegate.swift */; };
		7E09E0841FEFDB74006FC573 /* GoalsViewController.swift in Sources */ = {isa = PBXBuildFile; fileRef = 7E09E0831FEFDB74006FC573 /* GoalsViewController.swift */; };
		7E09E0871FEFDB74006FC573 /* Main.storyboard in Resources */ = {isa = PBXBuildFile; fileRef = 7E09E0851FEFDB74006FC573 /* Main.storyboard */; };
		7E09E08A1FEFDB74006FC573 /* Post_Goal.xcdatamodeld in Sources */ = {isa = PBXBuildFile; fileRef = 7E09E0881FEFDB74006FC573 /* Post_Goal.xcdatamodeld */; };
		7E09E08C1FEFDB74006FC573 /* Assets.xcassets in Resources */ = {isa = PBXBuildFile; fileRef = 7E09E08B1FEFDB74006FC573 /* Assets.xcassets */; };
		7E09E08F1FEFDB74006FC573 /* LaunchScreen.storyboard in Resources */ = {isa = PBXBuildFile; fileRef = 7E09E08D1FEFDB74006FC573 /* LaunchScreen.storyboard */; };
		7E09E09A1FEFDB74006FC573 /* Post_GoalTests.swift in Sources */ = {isa = PBXBuildFile; fileRef = 7E09E0991FEFDB74006FC573 /* Post_GoalTests.swift */; };
		7E09E0A51FEFDB74006FC573 /* Post_GoalUITests.swift in Sources */ = {isa = PBXBuildFile; fileRef = 7E09E0A41FEFDB74006FC573 /* Post_GoalUITests.swift */; };
		7E389D701FF929300086C24D /* GoalType.swift in Sources */ = {isa = PBXBuildFile; fileRef = 7E389D6F1FF929300086C24D /* GoalType.swift */; };
		7E53C2251FFD34AB004B4051 /* CreateGoalViewController.swift in Sources */ = {isa = PBXBuildFile; fileRef = 7E53C2241FFD34AB004B4051 /* CreateGoalViewController.swift */; };
		7EDE5C771FF2E8D4001D184A /* GoalCell.swift in Sources */ = {isa = PBXBuildFile; fileRef = 7EDE5C761FF2E8D4001D184A /* GoalCell.swift */; };
/* End PBXBuildFile section */

/* Begin PBXContainerItemProxy section */
		7E09E0961FEFDB74006FC573 /* PBXContainerItemProxy */ = {
			isa = PBXContainerItemProxy;
			containerPortal = 7E09E0761FEFDB74006FC573 /* Project object */;
			proxyType = 1;
			remoteGlobalIDString = 7E09E07D1FEFDB74006FC573;
			remoteInfo = "Post-Goal";
		};
		7E09E0A11FEFDB74006FC573 /* PBXContainerItemProxy */ = {
			isa = PBXContainerItemProxy;
			containerPortal = 7E09E0761FEFDB74006FC573 /* Project object */;
			proxyType = 1;
			remoteGlobalIDString = 7E09E07D1FEFDB74006FC573;
			remoteInfo = "Post-Goal";
		};
/* End PBXContainerItemProxy section */

/* Begin PBXFileReference section */
		7E09E07E1FEFDB74006FC573 /* Post-Goal.app */ = {isa = PBXFileReference; explicitFileType = wrapper.application; includeInIndex = 0; path = "Post-Goal.app"; sourceTree = BUILT_PRODUCTS_DIR; };
		7E09E0811FEFDB74006FC573 /* AppDelegate.swift */ = {isa = PBXFileReference; lastKnownFileType = sourcecode.swift; path = AppDelegate.swift; sourceTree = "<group>"; };
		7E09E0831FEFDB74006FC573 /* GoalsViewController.swift */ = {isa = PBXFileReference; lastKnownFileType = sourcecode.swift; path = GoalsViewController.swift; sourceTree = "<group>"; };
		7E09E0861FEFDB74006FC573 /* Base */ = {isa = PBXFileReference; lastKnownFileType = file.storyboard; name = Base; path = Base.lproj/Main.storyboard; sourceTree = "<group>"; };
		7E09E0891FEFDB74006FC573 /* Post_Goal.xcdatamodel */ = {isa = PBXFileReference; lastKnownFileType = wrapper.xcdatamodel; path = Post_Goal.xcdatamodel; sourceTree = "<group>"; };
		7E09E08B1FEFDB74006FC573 /* Assets.xcassets */ = {isa = PBXFileReference; lastKnownFileType = folder.assetcatalog; path = Assets.xcassets; sourceTree = "<group>"; };
		7E09E08E1FEFDB74006FC573 /* Base */ = {isa = PBXFileReference; lastKnownFileType = file.storyboard; name = Base; path = Base.lproj/LaunchScreen.storyboard; sourceTree = "<group>"; };
		7E09E0901FEFDB74006FC573 /* Info.plist */ = {isa = PBXFileReference; lastKnownFileType = text.plist.xml; path = Info.plist; sourceTree = "<group>"; };
		7E09E0951FEFDB74006FC573 /* Post-GoalTests.xctest */ = {isa = PBXFileReference; explicitFileType = wrapper.cfbundle; includeInIndex = 0; path = "Post-GoalTests.xctest"; sourceTree = BUILT_PRODUCTS_DIR; };
		7E09E0991FEFDB74006FC573 /* Post_GoalTests.swift */ = {isa = PBXFileReference; lastKnownFileType = sourcecode.swift; path = Post_GoalTests.swift; sourceTree = "<group>"; };
		7E09E09B1FEFDB74006FC573 /* Info.plist */ = {isa = PBXFileReference; lastKnownFileType = text.plist.xml; path = Info.plist; sourceTree = "<group>"; };
		7E09E0A01FEFDB74006FC573 /* Post-GoalUITests.xctest */ = {isa = PBXFileReference; explicitFileType = wrapper.cfbundle; includeInIndex = 0; path = "Post-GoalUITests.xctest"; sourceTree = BUILT_PRODUCTS_DIR; };
		7E09E0A41FEFDB74006FC573 /* Post_GoalUITests.swift */ = {isa = PBXFileReference; lastKnownFileType = sourcecode.swift; path = Post_GoalUITests.swift; sourceTree = "<group>"; };
		7E09E0A61FEFDB74006FC573 /* Info.plist */ = {isa = PBXFileReference; lastKnownFileType = text.plist.xml; path = Info.plist; sourceTree = "<group>"; };
		7E389D6F1FF929300086C24D /* GoalType.swift */ = {isa = PBXFileReference; lastKnownFileType = sourcecode.swift; path = GoalType.swift; sourceTree = "<group>"; };
		7E53C2241FFD34AB004B4051 /* CreateGoalViewController.swift */ = {isa = PBXFileReference; lastKnownFileType = sourcecode.swift; path = CreateGoalViewController.swift; sourceTree = "<group>"; };
		7EDE5C761FF2E8D4001D184A /* GoalCell.swift */ = {isa = PBXFileReference; lastKnownFileType = sourcecode.swift; path = GoalCell.swift; sourceTree = "<group>"; };
/* End PBXFileReference section */

/* Begin PBXFrameworksBuildPhase section */
		7E09E07B1FEFDB74006FC573 /* Frameworks */ = {
			isa = PBXFrameworksBuildPhase;
			buildActionMask = 2147483647;
			files = (
			);
			runOnlyForDeploymentPostprocessing = 0;
		};
		7E09E0921FEFDB74006FC573 /* Frameworks */ = {
			isa = PBXFrameworksBuildPhase;
			buildActionMask = 2147483647;
			files = (
			);
			runOnlyForDeploymentPostprocessing = 0;
		};
		7E09E09D1FEFDB74006FC573 /* Frameworks */ = {
			isa = PBXFrameworksBuildPhase;
			buildActionMask = 2147483647;
			files = (
			);
			runOnlyForDeploymentPostprocessing = 0;
		};
/* End PBXFrameworksBuildPhase section */

/* Begin PBXGroup section */
		7E09E0751FEFDB74006FC573 = {
			isa = PBXGroup;
			children = (
				7E09E0801FEFDB74006FC573 /* Post-Goal */,
				7E09E0981FEFDB74006FC573 /* Post-GoalTests */,
				7E09E0A31FEFDB74006FC573 /* Post-GoalUITests */,
				7E09E07F1FEFDB74006FC573 /* Products */,
			);
			sourceTree = "<group>";
		};
		7E09E07F1FEFDB74006FC573 /* Products */ = {
			isa = PBXGroup;
			children = (
				7E09E07E1FEFDB74006FC573 /* Post-Goal.app */,
				7E09E0951FEFDB74006FC573 /* Post-GoalTests.xctest */,
				7E09E0A01FEFDB74006FC573 /* Post-GoalUITests.xctest */,
			);
			name = Products;
			sourceTree = "<group>";
		};
		7E09E0801FEFDB74006FC573 /* Post-Goal */ = {
			isa = PBXGroup;
			children = (
				7E09E0B51FEFDBB0006FC573 /* Extensions */,
				7E09E0B41FEFDBA6006FC573 /* Enums */,
				7E09E0B31FEFDB9B006FC573 /* View */,
				7E09E0B21FEFDB84006FC573 /* Controller */,
				7E09E0811FEFDB74006FC573 /* AppDelegate.swift */,
				7E09E0851FEFDB74006FC573 /* Main.storyboard */,
				7E09E08B1FEFDB74006FC573 /* Assets.xcassets */,
				7E09E08D1FEFDB74006FC573 /* LaunchScreen.storyboard */,
				7E09E0901FEFDB74006FC573 /* Info.plist */,
				7E09E0881FEFDB74006FC573 /* Post_Goal.xcdatamodeld */,
			);
			path = "Post-Goal";
			sourceTree = "<group>";
		};
		7E09E0981FEFDB74006FC573 /* Post-GoalTests */ = {
			isa = PBXGroup;
			children = (
				7E09E0991FEFDB74006FC573 /* Post_GoalTests.swift */,
				7E09E09B1FEFDB74006FC573 /* Info.plist */,
			);
			path = "Post-GoalTests";
			sourceTree = "<group>";
		};
		7E09E0A31FEFDB74006FC573 /* Post-GoalUITests */ = {
			isa = PBXGroup;
			children = (
				7E09E0A41FEFDB74006FC573 /* Post_GoalUITests.swift */,
				7E09E0A61FEFDB74006FC573 /* Info.plist */,
			);
			path = "Post-GoalUITests";
			sourceTree = "<group>";
		};
		7E09E0B21FEFDB84006FC573 /* Controller */ = {
			isa = PBXGroup;
			children = (
				7E09E0831FEFDB74006FC573 /* GoalsViewController.swift */,
				7E53C2241FFD34AB004B4051 /* CreateGoalViewController.swift */,
			);
			path = Controller;
			sourceTree = "<group>";
		};
		7E09E0B31FEFDB9B006FC573 /* View */ = {
			isa = PBXGroup;
			children = (
				7EDE5C761FF2E8D4001D184A /* GoalCell.swift */,
			);
			path = View;
			sourceTree = "<group>";
		};
		7E09E0B41FEFDBA6006FC573 /* Enums */ = {
			isa = PBXGroup;
			children = (
				7E389D6F1FF929300086C24D /* GoalType.swift */,
			);
			path = Enums;
			sourceTree = "<group>";
		};
		7E09E0B51FEFDBB0006FC573 /* Extensions */ = {
			isa = PBXGroup;
			children = (
			);
			path = Extensions;
			sourceTree = "<group>";
		};
/* End PBXGroup section */

/* Begin PBXNativeTarget section */
		7E09E07D1FEFDB74006FC573 /* Post-Goal */ = {
			isa = PBXNativeTarget;
			buildConfigurationList = 7E09E0A91FEFDB74006FC573 /* Build configuration list for PBXNativeTarget "Post-Goal" */;
			buildPhases = (
				7E09E07A1FEFDB74006FC573 /* Sources */,
				7E09E07B1FEFDB74006FC573 /* Frameworks */,
				7E09E07C1FEFDB74006FC573 /* Resources */,
			);
			buildRules = (
			);
			dependencies = (
			);
			name = "Post-Goal";
			productName = "Post-Goal";
			productReference = 7E09E07E1FEFDB74006FC573 /* Post-Goal.app */;
			productType = "com.apple.product-type.application";
		};
		7E09E0941FEFDB74006FC573 /* Post-GoalTests */ = {
			isa = PBXNativeTarget;
			buildConfigurationList = 7E09E0AC1FEFDB74006FC573 /* Build configuration list for PBXNativeTarget "Post-GoalTests" */;
			buildPhases = (
				7E09E0911FEFDB74006FC573 /* Sources */,
				7E09E0921FEFDB74006FC573 /* Frameworks */,
				7E09E0931FEFDB74006FC573 /* Resources */,
			);
			buildRules = (
			);
			dependencies = (
				7E09E0971FEFDB74006FC573 /* PBXTargetDependency */,
			);
			name = "Post-GoalTests";
			productName = "Post-GoalTests";
			productReference = 7E09E0951FEFDB74006FC573 /* Post-GoalTests.xctest */;
			productType = "com.apple.product-type.bundle.unit-test";
		};
		7E09E09F1FEFDB74006FC573 /* Post-GoalUITests */ = {
			isa = PBXNativeTarget;
			buildConfigurationList = 7E09E0AF1FEFDB74006FC573 /* Build configuration list for PBXNativeTarget "Post-GoalUITests" */;
			buildPhases = (
				7E09E09C1FEFDB74006FC573 /* Sources */,
				7E09E09D1FEFDB74006FC573 /* Frameworks */,
				7E09E09E1FEFDB74006FC573 /* Resources */,
			);
			buildRules = (
			);
			dependencies = (
				7E09E0A21FEFDB74006FC573 /* PBXTargetDependency */,
			);
			name = "Post-GoalUITests";
			productName = "Post-GoalUITests";
			productReference = 7E09E0A01FEFDB74006FC573 /* Post-GoalUITests.xctest */;
			productType = "com.apple.product-type.bundle.ui-testing";
		};
/* End PBXNativeTarget section */

/* Begin PBXProject section */
		7E09E0761FEFDB74006FC573 /* Project object */ = {
			isa = PBXProject;
			attributes = {
				LastSwiftUpdateCheck = 0920;
				LastUpgradeCheck = 0920;
				ORGANIZATIONNAME = "Ahmed Elbasha";
				TargetAttributes = {
					7E09E07D1FEFDB74006FC573 = {
						CreatedOnToolsVersion = 9.2;
						ProvisioningStyle = Automatic;
					};
					7E09E0941FEFDB74006FC573 = {
						CreatedOnToolsVersion = 9.2;
						ProvisioningStyle = Automatic;
						TestTargetID = 7E09E07D1FEFDB74006FC573;
					};
					7E09E09F1FEFDB74006FC573 = {
						CreatedOnToolsVersion = 9.2;
						ProvisioningStyle = Automatic;
						TestTargetID = 7E09E07D1FEFDB74006FC573;
					};
				};
			};
			buildConfigurationList = 7E09E0791FEFDB74006FC573 /* Build configuration list for PBXProject "Post-Goal" */;
			compatibilityVersion = "Xcode 8.0";
			developmentRegion = en;
			hasScannedForEncodings = 0;
			knownRegions = (
				en,
				Base,
			);
			mainGroup = 7E09E0751FEFDB74006FC573;
			productRefGroup = 7E09E07F1FEFDB74006FC573 /* Products */;
			projectDirPath = "";
			projectRoot = "";
			targets = (
				7E09E07D1FEFDB74006FC573 /* Post-Goal */,
				7E09E0941FEFDB74006FC573 /* Post-GoalTests */,
				7E09E09F1FEFDB74006FC573 /* Post-GoalUITests */,
			);
		};
/* End PBXProject section */

/* Begin PBXResourcesBuildPhase section */
		7E09E07C1FEFDB74006FC573 /* Resources */ = {
			isa = PBXResourcesBuildPhase;
			buildActionMask = 2147483647;
			files = (
				7E09E08F1FEFDB74006FC573 /* LaunchScreen.storyboard in Resources */,
				7E09E08C1FEFDB74006FC573 /* Assets.xcassets in Resources */,
				7E09E0871FEFDB74006FC573 /* Main.storyboard in Resources */,
			);
			runOnlyForDeploymentPostprocessing = 0;
		};
		7E09E0931FEFDB74006FC573 /* Resources */ = {
			isa = PBXResourcesBuildPhase;
			buildActionMask = 2147483647;
			files = (
			);
			runOnlyForDeploymentPostprocessing = 0;
		};
		7E09E09E1FEFDB74006FC573 /* Resources */ = {
			isa = PBXResourcesBuildPhase;
			buildActionMask = 2147483647;
			files = (
			);
			runOnlyForDeploymentPostprocessing = 0;
		};
/* End PBXResourcesBuildPhase section */

/* Begin PBXSourcesBuildPhase section */
		7E09E07A1FEFDB74006FC573 /* Sources */ = {
			isa = PBXSourcesBuildPhase;
			buildActionMask = 2147483647;
			files = (
				7EDE5C771FF2E8D4001D184A /* GoalCell.swift in Sources */,
				7E53C2251FFD34AB004B4051 /* CreateGoalViewController.swift in Sources */,
				7E389D701FF929300086C24D /* GoalType.swift in Sources */,
				7E09E0841FEFDB74006FC573 /* GoalsViewController.swift in Sources */,
				7E09E08A1FEFDB74006FC573 /* Post_Goal.xcdatamodeld in Sources */,
				7E09E0821FEFDB74006FC573 /* AppDelegate.swift in Sources */,
			);
			runOnlyForDeploymentPostprocessing = 0;
		};
		7E09E0911FEFDB74006FC573 /* Sources */ = {
			isa = PBXSourcesBuildPhase;
			buildActionMask = 2147483647;
			files = (
				7E09E09A1FEFDB74006FC573 /* Post_GoalTests.swift in Sources */,
			);
			runOnlyForDeploymentPostprocessing = 0;
		};
		7E09E09C1FEFDB74006FC573 /* Sources */ = {
			isa = PBXSourcesBuildPhase;
			buildActionMask = 2147483647;
			files = (
				7E09E0A51FEFDB74006FC573 /* Post_GoalUITests.swift in Sources */,
			);
			runOnlyForDeploymentPostprocessing = 0;
		};
/* End PBXSourcesBuildPhase section */

/* Begin PBXTargetDependency section */
		7E09E0971FEFDB74006FC573 /* PBXTargetDependency */ = {
			isa = PBXTargetDependency;
			target = 7E09E07D1FEFDB74006FC573 /* Post-Goal */;
			targetProxy = 7E09E0961FEFDB74006FC573 /* PBXContainerItemProxy */;
		};
		7E09E0A21FEFDB74006FC573 /* PBXTargetDependency */ = {
			isa = PBXTargetDependency;
			target = 7E09E07D1FEFDB74006FC573 /* Post-Goal */;
			targetProxy = 7E09E0A11FEFDB74006FC573 /* PBXContainerItemProxy */;
		};
/* End PBXTargetDependency section */

/* Begin PBXVariantGroup section */
		7E09E0851FEFDB74006FC573 /* Main.storyboard */ = {
			isa = PBXVariantGroup;
			children = (
				7E09E0861FEFDB74006FC573 /* Base */,
			);
			name = Main.storyboard;
			sourceTree = "<group>";
		};
		7E09E08D1FEFDB74006FC573 /* LaunchScreen.storyboard */ = {
			isa = PBXVariantGroup;
			children = (
				7E09E08E1FEFDB74006FC573 /* Base */,
			);
			name = LaunchScreen.storyboard;
			sourceTree = "<group>";
		};
/* End PBXVariantGroup section */

/* Begin XCBuildConfiguration section */
		7E09E0A71FEFDB74006FC573 /* Debug */ = {
			isa = XCBuildConfiguration;
			buildSettings = {
				ALWAYS_SEARCH_USER_PATHS = NO;
				CLANG_ANALYZER_NONNULL = YES;
				CLANG_ANALYZER_NUMBER_OBJECT_CONVERSION = YES_AGGRESSIVE;
				CLANG_CXX_LANGUAGE_STANDARD = "gnu++14";
				CLANG_CXX_LIBRARY = "libc++";
				CLANG_ENABLE_MODULES = YES;
				CLANG_ENABLE_OBJC_ARC = YES;
				CLANG_WARN_BLOCK_CAPTURE_AUTORELEASING = YES;
				CLANG_WARN_BOOL_CONVERSION = YES;
				CLANG_WARN_COMMA = YES;
				CLANG_WARN_CONSTANT_CONVERSION = YES;
				CLANG_WARN_DIRECT_OBJC_ISA_USAGE = YES_ERROR;
				CLANG_WARN_DOCUMENTATION_COMMENTS = YES;
				CLANG_WARN_EMPTY_BODY = YES;
				CLANG_WARN_ENUM_CONVERSION = YES;
				CLANG_WARN_INFINITE_RECURSION = YES;
				CLANG_WARN_INT_CONVERSION = YES;
				CLANG_WARN_NON_LITERAL_NULL_CONVERSION = YES;
				CLANG_WARN_OBJC_LITERAL_CONVERSION = YES;
				CLANG_WARN_OBJC_ROOT_CLASS = YES_ERROR;
				CLANG_WARN_RANGE_LOOP_ANALYSIS = YES;
				CLANG_WARN_STRICT_PROTOTYPES = YES;
				CLANG_WARN_SUSPICIOUS_MOVE = YES;
				CLANG_WARN_UNGUARDED_AVAILABILITY = YES_AGGRESSIVE;
				CLANG_WARN_UNREACHABLE_CODE = YES;
				CLANG_WARN__DUPLICATE_METHOD_MATCH = YES;
				CODE_SIGN_IDENTITY = "iPhone Developer";
				COPY_PHASE_STRIP = NO;
				DEBUG_INFORMATION_FORMAT = dwarf;
				ENABLE_STRICT_OBJC_MSGSEND = YES;
				ENABLE_TESTABILITY = YES;
				GCC_C_LANGUAGE_STANDARD = gnu11;
				GCC_DYNAMIC_NO_PIC = NO;
				GCC_NO_COMMON_BLOCKS = YES;
				GCC_OPTIMIZATION_LEVEL = 0;
				GCC_PREPROCESSOR_DEFINITIONS = (
					"DEBUG=1",
					"$(inherited)",
				);
				GCC_WARN_64_TO_32_BIT_CONVERSION = YES;
				GCC_WARN_ABOUT_RETURN_TYPE = YES_ERROR;
				GCC_WARN_UNDECLARED_SELECTOR = YES;
				GCC_WARN_UNINITIALIZED_AUTOS = YES_AGGRESSIVE;
				GCC_WARN_UNUSED_FUNCTION = YES;
				GCC_WARN_UNUSED_VARIABLE = YES;
				IPHONEOS_DEPLOYMENT_TARGET = 11.2;
				MTL_ENABLE_DEBUG_INFO = YES;
				ONLY_ACTIVE_ARCH = YES;
				SDKROOT = iphoneos;
				SWIFT_ACTIVE_COMPILATION_CONDITIONS = DEBUG;
				SWIFT_OPTIMIZATION_LEVEL = "-Onone";
			};
			name = Debug;
		};
		7E09E0A81FEFDB74006FC573 /* Release */ = {
			isa = XCBuildConfiguration;
			buildSettings = {
				ALWAYS_SEARCH_USER_PATHS = NO;
				CLANG_ANALYZER_NONNULL = YES;
				CLANG_ANALYZER_NUMBER_OBJECT_CONVERSION = YES_AGGRESSIVE;
				CLANG_CXX_LANGUAGE_STANDARD = "gnu++14";
				CLANG_CXX_LIBRARY = "libc++";
				CLANG_ENABLE_MODULES = YES;
				CLANG_ENABLE_OBJC_ARC = YES;
				CLANG_WARN_BLOCK_CAPTURE_AUTORELEASING = YES;
				CLANG_WARN_BOOL_CONVERSION = YES;
				CLANG_WARN_COMMA = YES;
				CLANG_WARN_CONSTANT_CONVERSION = YES;
				CLANG_WARN_DIRECT_OBJC_ISA_USAGE = YES_ERROR;
				CLANG_WARN_DOCUMENTATION_COMMENTS = YES;
				CLANG_WARN_EMPTY_BODY = YES;
				CLANG_WARN_ENUM_CONVERSION = YES;
				CLANG_WARN_INFINITE_RECURSION = YES;
				CLANG_WARN_INT_CONVERSION = YES;
				CLANG_WARN_NON_LITERAL_NULL_CONVERSION = YES;
				CLANG_WARN_OBJC_LITERAL_CONVERSION = YES;
				CLANG_WARN_OBJC_ROOT_CLASS = YES_ERROR;
				CLANG_WARN_RANGE_LOOP_ANALYSIS = YES;
				CLANG_WARN_STRICT_PROTOTYPES = YES;
				CLANG_WARN_SUSPICIOUS_MOVE = YES;
				CLANG_WARN_UNGUARDED_AVAILABILITY = YES_AGGRESSIVE;
				CLANG_WARN_UNREACHABLE_CODE = YES;
				CLANG_WARN__DUPLICATE_METHOD_MATCH = YES;
				CODE_SIGN_IDENTITY = "iPhone Developer";
				COPY_PHASE_STRIP = NO;
				DEBUG_INFORMATION_FORMAT = "dwarf-with-dsym";
				ENABLE_NS_ASSERTIONS = NO;
				ENABLE_STRICT_OBJC_MSGSEND = YES;
				GCC_C_LANGUAGE_STANDARD = gnu11;
				GCC_NO_COMMON_BLOCKS = YES;
				GCC_WARN_64_TO_32_BIT_CONVERSION = YES;
				GCC_WARN_ABOUT_RETURN_TYPE = YES_ERROR;
				GCC_WARN_UNDECLARED_SELECTOR = YES;
				GCC_WARN_UNINITIALIZED_AUTOS = YES_AGGRESSIVE;
				GCC_WARN_UNUSED_FUNCTION = YES;
				GCC_WARN_UNUSED_VARIABLE = YES;
				IPHONEOS_DEPLOYMENT_TARGET = 11.2;
				MTL_ENABLE_DEBUG_INFO = NO;
				SDKROOT = iphoneos;
				SWIFT_OPTIMIZATION_LEVEL = "-Owholemodule";
				VALIDATE_PRODUCT = YES;
			};
			name = Release;
		};
		7E09E0AA1FEFDB74006FC573 /* Debug */ = {
			isa = XCBuildConfiguration;
			buildSettings = {
				ASSETCATALOG_COMPILER_APPICON_NAME = AppIcon;
				CODE_SIGN_STYLE = Automatic;
				DEVELOPMENT_TEAM = P2QJ9WPDK5;
				INFOPLIST_FILE = "Post-Goal/Info.plist";
				LD_RUNPATH_SEARCH_PATHS = "$(inherited) @executable_path/Frameworks";
				PRODUCT_BUNDLE_IDENTIFIER = "Ahmed-Elbasha.Post-Goal";
				PRODUCT_NAME = "$(TARGET_NAME)";
				SWIFT_VERSION = 4.0;
				TARGETED_DEVICE_FAMILY = "1,2";
			};
			name = Debug;
		};
		7E09E0AB1FEFDB74006FC573 /* Release */ = {
			isa = XCBuildConfiguration;
			buildSettings = {
				ASSETCATALOG_COMPILER_APPICON_NAME = AppIcon;
				CODE_SIGN_STYLE = Automatic;
				DEVELOPMENT_TEAM = P2QJ9WPDK5;
				INFOPLIST_FILE = "Post-Goal/Info.plist";
				LD_RUNPATH_SEARCH_PATHS = "$(inherited) @executable_path/Frameworks";
				PRODUCT_BUNDLE_IDENTIFIER = "Ahmed-Elbasha.Post-Goal";
				PRODUCT_NAME = "$(TARGET_NAME)";
				SWIFT_VERSION = 4.0;
				TARGETED_DEVICE_FAMILY = "1,2";
			};
			name = Release;
		};
		7E09E0AD1FEFDB74006FC573 /* Debug */ = {
			isa = XCBuildConfiguration;
			buildSettings = {
				ALWAYS_EMBED_SWIFT_STANDARD_LIBRARIES = YES;
				BUNDLE_LOADER = "$(TEST_HOST)";
				CODE_SIGN_STYLE = Automatic;
				INFOPLIST_FILE = "Post-GoalTests/Info.plist";
				LD_RUNPATH_SEARCH_PATHS = "$(inherited) @executable_path/Frameworks @loader_path/Frameworks";
				PRODUCT_BUNDLE_IDENTIFIER = "Ahmed-Elbasha.Post-GoalTests";
				PRODUCT_NAME = "$(TARGET_NAME)";
				SWIFT_VERSION = 4.0;
				TARGETED_DEVICE_FAMILY = "1,2";
				TEST_HOST = "$(BUILT_PRODUCTS_DIR)/Post-Goal.app/Post-Goal";
			};
			name = Debug;
		};
		7E09E0AE1FEFDB74006FC573 /* Release */ = {
			isa = XCBuildConfiguration;
			buildSettings = {
				ALWAYS_EMBED_SWIFT_STANDARD_LIBRARIES = YES;
				BUNDLE_LOADER = "$(TEST_HOST)";
				CODE_SIGN_STYLE = Automatic;
				INFOPLIST_FILE = "Post-GoalTests/Info.plist";
				LD_RUNPATH_SEARCH_PATHS = "$(inherited) @executable_path/Frameworks @loader_path/Frameworks";
				PRODUCT_BUNDLE_IDENTIFIER = "Ahmed-Elbasha.Post-GoalTests";
				PRODUCT_NAME = "$(TARGET_NAME)";
				SWIFT_VERSION = 4.0;
				TARGETED_DEVICE_FAMILY = "1,2";
				TEST_HOST = "$(BUILT_PRODUCTS_DIR)/Post-Goal.app/Post-Goal";
			};
			name = Release;
		};
		7E09E0B01FEFDB74006FC573 /* Debug */ = {
			isa = XCBuildConfiguration;
			buildSettings = {
				ALWAYS_EMBED_SWIFT_STANDARD_LIBRARIES = YES;
				CODE_SIGN_STYLE = Automatic;
				INFOPLIST_FILE = "Post-GoalUITests/Info.plist";
				LD_RUNPATH_SEARCH_PATHS = "$(inherited) @executable_path/Frameworks @loader_path/Frameworks";
				PRODUCT_BUNDLE_IDENTIFIER = "Ahmed-Elbasha.Post-GoalUITests";
				PRODUCT_NAME = "$(TARGET_NAME)";
				SWIFT_VERSION = 4.0;
				TARGETED_DEVICE_FAMILY = "1,2";
				TEST_TARGET_NAME = "Post-Goal";
			};
			name = Debug;
		};
		7E09E0B11FEFDB74006FC573 /* Release */ = {
			isa = XCBuildConfiguration;
			buildSettings = {
				ALWAYS_EMBED_SWIFT_STANDARD_LIBRARIES = YES;
				CODE_SIGN_STYLE = Automatic;
				INFOPLIST_FILE = "Post-GoalUITests/Info.plist";
				LD_RUNPATH_SEARCH_PATHS = "$(inherited) @executable_path/Frameworks @loader_path/Frameworks";
				PRODUCT_BUNDLE_IDENTIFIER = "Ahmed-Elbasha.Post-GoalUITests";
				PRODUCT_NAME = "$(TARGET_NAME)";
				SWIFT_VERSION = 4.0;
				TARGETED_DEVICE_FAMILY = "1,2";
				TEST_TARGET_NAME = "Post-Goal";
			};
			name = Release;
		};
/* End XCBuildConfiguration section */

/* Begin XCConfigurationList section */
		7E09E0791FEFDB74006FC573 /* Build configuration list for PBXProject "Post-Goal" */ = {
			isa = XCConfigurationList;
			buildConfigurations = (
				7E09E0A71FEFDB74006FC573 /* Debug */,
				7E09E0A81FEFDB74006FC573 /* Release */,
			);
			defaultConfigurationIsVisible = 0;
			defaultConfigurationName = Release;
		};
		7E09E0A91FEFDB74006FC573 /* Build configuration list for PBXNativeTarget "Post-Goal" */ = {
			isa = XCConfigurationList;
			buildConfigurations = (
				7E09E0AA1FEFDB74006FC573 /* Debug */,
				7E09E0AB1FEFDB74006FC573 /* Release */,
			);
			defaultConfigurationIsVisible = 0;
			defaultConfigurationName = Release;
		};
		7E09E0AC1FEFDB74006FC573 /* Build configuration list for PBXNativeTarget "Post-GoalTests" */ = {
			isa = XCConfigurationList;
			buildConfigurations = (
				7E09E0AD1FEFDB74006FC573 /* Debug */,
				7E09E0AE1FEFDB74006FC573 /* Release */,
			);
			defaultConfigurationIsVisible = 0;
			defaultConfigurationName = Release;
		};
		7E09E0AF1FEFDB74006FC573 /* Build configuration list for PBXNativeTarget "Post-GoalUITests" */ = {
			isa = XCConfigurationList;
			buildConfigurations = (
				7E09E0B01FEFDB74006FC573 /* Debug */,
				7E09E0B11FEFDB74006FC573 /* Release */,
			);
			defaultConfigurationIsVisible = 0;
			defaultConfigurationName = Release;
		};
/* End XCConfigurationList section */

/* Begin XCVersionGroup section */
		7E09E0881FEFDB74006FC573 /* Post_Goal.xcdatamodeld */ = {
			isa = XCVersionGroup;
			children = (
				7E09E0891FEFDB74006FC573 /* Post_Goal.xcdatamodel */,
			);
			currentVersion = 7E09E0891FEFDB74006FC573 /* Post_Goal.xcdatamodel */;
			path = Post_Goal.xcdatamodeld;
			sourceTree = "<group>";
			versionGroupType = wrapper.xcdatamodel;
		};
/* End XCVersionGroup section */
	};
	rootObject = 7E09E0761FEFDB74006FC573 /* Project object */;
}
